
Microsoft Visual Studio Solution File, Format Version 12.00
# Visual Studio 15
VisualStudioVersion = 15.0.27130.2027
MinimumVisualStudioVersion = 10.0.40219.1
Project("{FAE04EC0-301F-11D3-BF4B-00C04F79EFBC}") = "Institute management system", "Institute management system\Institute management system.csproj", "{5F2D3BE6-C140-4342-9D07-AC22FA129D73}"
EndProject
Global
	GlobalSection(SolutionConfigurationPlatforms) = preSolution
		Debug|Any CPU = Debug|Any CPU
		Release|Any CPU = Release|Any CPU
	EndGlobalSection
	GlobalSection(ProjectConfigurationPlatforms) = postSolution
		{5F2D3BE6-C140-4342-9D07-AC22FA129D73}.Debug|Any CPU.ActiveCfg = Debug|Any CPU
		{5F2D3BE6-C140-4342-9D07-AC22FA129D73}.Debug|Any CPU.Build.0 = Debug|Any CPU
		{5F2D3BE6-C140-4342-9D07-AC22FA129D73}.Release|Any CPU.ActiveCfg = Release|Any CPU
		{5F2D3BE6-C140-4342-9D07-AC22FA129D73}.Release|Any CPU.Build.0 = Release|Any CPU
	EndGlobalSection
	GlobalSection(SolutionProperties) = preSolution
		HideSolutionNode = FALSE
	EndGlobalSection
	GlobalSection(ExtensibilityGlobals) = postSolution
		SolutionGuid = {D81ECD77-8CE9-4688-BED7-6FEC39518DCB}
	EndGlobalSection
EndGlobal
